{
  "pins" : [
    {
      "identity" : "confettiswiftui",
      "kind" : "remoteSourceControl",
      "location" : "https://github.com/simibac/ConfettiSwiftUI",
      "state" : {
        "branch" : "master",
        "revision" : "7b86d9f838a32ecfad8e69c7dbf900fea7500c76"
      }
    }
  ],
  "version" : 2
}
