{
  "pins" : [
    {
      "identity" : "confettiswiftui",
      "kind" : "remoteSourceControl",
      "location" : "https://github.com/simibac/ConfettiSwiftUI",
      "state" : {
        "branch" : "master",
        "revision" : "8d3a15d0aa2991e0761749b767ef8d89bca6275a"
      }
    }
  ],
  "version" : 2
}
