// !$*UTF8*$!
{
	archiveVersion = 1;
	classes = {
	};
	objectVersion = 52;
	objects = {

/* Begin PBXBuildFile section */
		3692B019256FFD4100126B4D /* ConfettiSwiftUIDemoApp.swift in Sources */ = {isa = PBXBuildFile; fileRef = 3692B018256FFD4100126B4D /* ConfettiSwiftUIDemoApp.swift */; };
		3692B01B256FFD4100126B4D /* ContentView.swift in Sources */ = {isa = PBXBuildFile; fileRef = 3692B01A256FFD4100126B4D /* ContentView.swift */; };
		3692B01D256FFD4300126B4D /* Assets.xcassets in Resources */ = {isa = PBXBuildFile; fileRef = 3692B01C256FFD4300126B4D /* Assets.xcassets */; };
		3692B020256FFD4300126B4D /* Preview Assets.xcassets in Resources */ = {isa = PBXBuildFile; fileRef = 3692B01F256FFD4300126B4D /* Preview Assets.xcassets */; };
		3692B02A257000ED00126B4D /* ConfettiSwiftUI in Frameworks */ = {isa = PBXBuildFile; productRef = 3692B029257000ED00126B4D /* ConfettiSwiftUI */; };
		3692B02B257000ED00126B4D /* ConfettiSwiftUI in Embed Frameworks */ = {isa = PBXBuildFile; productRef = 3692B029257000ED00126B4D /* ConfettiSwiftUI */; settings = {ATTRIBUTES = (CodeSignOnCopy, ); }; };
		3692B035257011AF00126B4D /* README.md in Resources */ = {isa = PBXBuildFile; fileRef = 3692B034257011AF00126B4D /* README.md */; };
/* End PBXBuildFile section */

/* Begin PBXCopyFilesBuildPhase section */
		3692B02C257000ED00126B4D /* Embed Frameworks */ = {
			isa = PBXCopyFilesBuildPhase;
			buildActionMask = 2147483647;
			dstPath = "";
			dstSubfolderSpec = 10;
			files = (
				3692B02B257000ED00126B4D /* ConfettiSwiftUI in Embed Frameworks */,
			);
			name = "Embed Frameworks";
			runOnlyForDeploymentPostprocessing = 0;
		};
/* End PBXCopyFilesBuildPhase section */

/* Begin PBXFileReference section */
		3692B015256FFD4100126B4D /* ConfettiSwiftUIDemo.app */ = {isa = PBXFileReference; explicitFileType = wrapper.application; includeInIndex = 0; path = ConfettiSwiftUIDemo.app; sourceTree = BUILT_PRODUCTS_DIR; };
		3692B018256FFD4100126B4D /* ConfettiSwiftUIDemoApp.swift */ = {isa = PBXFileReference; lastKnownFileType = sourcecode.swift; path = ConfettiSwiftUIDemoApp.swift; sourceTree = "<group>"; };
		3692B01A256FFD4100126B4D /* ContentView.swift */ = {isa = PBXFileReference; lastKnownFileType = sourcecode.swift; path = ContentView.swift; sourceTree = "<group>"; };
		3692B01C256FFD4300126B4D /* Assets.xcassets */ = {isa = PBXFileReference; lastKnownFileType = folder.assetcatalog; path = Assets.xcassets; sourceTree = "<group>"; };
		3692B01F256FFD4300126B4D /* Preview Assets.xcassets */ = {isa = PBXFileReference; lastKnownFileType = folder.assetcatalog; path = "Preview Assets.xcassets"; sourceTree = "<group>"; };
		3692B021256FFD4300126B4D /* Info.plist */ = {isa = PBXFileReference; lastKnownFileType = text.plist.xml; path = Info.plist; sourceTree = "<group>"; };
		3692B034257011AF00126B4D /* README.md */ = {isa = PBXFileReference; lastKnownFileType = net.daringfireball.markdown; path = README.md; sourceTree = "<group>"; };
/* End PBXFileReference section */

/* Begin PBXFrameworksBuildPhase section */
		3692B012256FFD4100126B4D /* Frameworks */ = {
			isa = PBXFrameworksBuildPhase;
			buildActionMask = 2147483647;
			files = (
				3692B02A257000ED00126B4D /* ConfettiSwiftUI in Frameworks */,
			);
			runOnlyForDeploymentPostprocessing = 0;
		};
/* End PBXFrameworksBuildPhase section */

/* Begin PBXGroup section */
		3692B00C256FFD4100126B4D = {
			isa = PBXGroup;
			children = (
				3692B017256FFD4100126B4D /* ConfettiSwiftUIDemo */,
				3692B016256FFD4100126B4D /* Products */,
			);
			sourceTree = "<group>";
		};
		3692B016256FFD4100126B4D /* Products */ = {
			isa = PBXGroup;
			children = (
				3692B015256FFD4100126B4D /* ConfettiSwiftUIDemo.app */,
			);
			name = Products;
			sourceTree = "<group>";
		};
		3692B017256FFD4100126B4D /* ConfettiSwiftUIDemo */ = {
			isa = PBXGroup;
			children = (
				3692B034257011AF00126B4D /* README.md */,
				3692B018256FFD4100126B4D /* ConfettiSwiftUIDemoApp.swift */,
				3692B01A256FFD4100126B4D /* ContentView.swift */,
				3692B01C256FFD4300126B4D /* Assets.xcassets */,
				3692B021256FFD4300126B4D /* Info.plist */,
				3692B01E256FFD4300126B4D /* Preview Content */,
			);
			path = ConfettiSwiftUIDemo;
			sourceTree = "<group>";
		};
		3692B01E256FFD4300126B4D /* Preview Content */ = {
			isa = PBXGroup;
			children = (
				3692B01F256FFD4300126B4D /* Preview Assets.xcassets */,
			);
			path = "Preview Content";
			sourceTree = "<group>";
		};
/* End PBXGroup section */

/* Begin PBXNativeTarget section */
		3692B014256FFD4100126B4D /* ConfettiSwiftUIDemo */ = {
			isa = PBXNativeTarget;
			buildConfigurationList = 3692B024256FFD4300126B4D /* Build configuration list for PBXNativeTarget "ConfettiSwiftUIDemo" */;
			buildPhases = (
				3692B011256FFD4100126B4D /* Sources */,
				3692B012256FFD4100126B4D /* Frameworks */,
				3692B013256FFD4100126B4D /* Resources */,
				3692B02C257000ED00126B4D /* Embed Frameworks */,
			);
			buildRules = (
			);
			dependencies = (
			);
			name = ConfettiSwiftUIDemo;
			packageProductDependencies = (
				3692B029257000ED00126B4D /* ConfettiSwiftUI */,
			);
			productName = ConfettiSwiftUIDemo;
			productReference = 3692B015256FFD4100126B4D /* ConfettiSwiftUIDemo.app */;
			productType = "com.apple.product-type.application";
		};
/* End PBXNativeTarget section */

/* Begin PBXProject section */
		3692B00D256FFD4100126B4D /* Project object */ = {
			isa = PBXProject;
			attributes = {
				LastSwiftUpdateCheck = 1220;
				LastUpgradeCheck = 1220;
				TargetAttributes = {
					3692B014256FFD4100126B4D = {
						CreatedOnToolsVersion = 12.2;
					};
				};
			};
			buildConfigurationList = 3692B010256FFD4100126B4D /* Build configuration list for PBXProject "ConfettiSwiftUIDemo" */;
			compatibilityVersion = "Xcode 9.3";
			developmentRegion = en;
			hasScannedForEncodings = 0;
			knownRegions = (
				en,
				Base,
			);
			mainGroup = 3692B00C256FFD4100126B4D;
			packageReferences = (
				3692B028257000ED00126B4D /* XCRemoteSwiftPackageReference "ConfettiSwiftUI" */,
			);
			productRefGroup = 3692B016256FFD4100126B4D /* Products */;
			projectDirPath = "";
			projectRoot = "";
			targets = (
				3692B014256FFD4100126B4D /* ConfettiSwiftUIDemo */,
			);
		};
/* End PBXProject section */

/* Begin PBXResourcesBuildPhase section */
		3692B013256FFD4100126B4D /* Resources */ = {
			isa = PBXResourcesBuildPhase;
			buildActionMask = 2147483647;
			files = (
				3692B035257011AF00126B4D /* README.md in Resources */,
				3692B020256FFD4300126B4D /* Preview Assets.xcassets in Resources */,
				3692B01D256FFD4300126B4D /* Assets.xcassets in Resources */,
			);
			runOnlyForDeploymentPostprocessing = 0;
		};
/* End PBXResourcesBuildPhase section */

/* Begin PBXSourcesBuildPhase section */
		3692B011256FFD4100126B4D /* Sources */ = {
			isa = PBXSourcesBuildPhase;
			buildActionMask = 2147483647;
			files = (
				3692B01B256FFD4100126B4D /* ContentView.swift in Sources */,
				3692B019256FFD4100126B4D /* ConfettiSwiftUIDemoApp.swift in Sources */,
			);
			runOnlyForDeploymentPostprocessing = 0;
		};
/* End PBXSourcesBuildPhase section */

/* Begin XCBuildConfiguration section */
		3692B022256FFD4300126B4D /* Debug */ = {
			isa = XCBuildConfiguration;
			buildSettings = {
				ALWAYS_SEARCH_USER_PATHS = NO;
				CLANG_ANALYZER_NONNULL = YES;
				CLANG_ANALYZER_NUMBER_OBJECT_CONVERSION = YES_AGGRESSIVE;
				CLANG_CXX_LANGUAGE_STANDARD = "gnu++14";
				CLANG_CXX_LIBRARY = "libc++";
				CLANG_ENABLE_MODULES = YES;
				CLANG_ENABLE_OBJC_ARC = YES;
				CLANG_ENABLE_OBJC_WEAK = YES;
				CLANG_WARN_BLOCK_CAPTURE_AUTORELEASING = YES;
				CLANG_WARN_BOOL_CONVERSION = YES;
				CLANG_WARN_COMMA = YES;
				CLANG_WARN_CONSTANT_CONVERSION = YES;
				CLANG_WARN_DEPRECATED_OBJC_IMPLEMENTATIONS = YES;
				CLANG_WARN_DIRECT_OBJC_ISA_USAGE = YES_ERROR;
				CLANG_WARN_DOCUMENTATION_COMMENTS = YES;
				CLANG_WARN_EMPTY_BODY = YES;
				CLANG_WARN_ENUM_CONVERSION = YES;
				CLANG_WARN_INFINITE_RECURSION = YES;
				CLANG_WARN_INT_CONVERSION = YES;
				CLANG_WARN_NON_LITERAL_NULL_CONVERSION = YES;
				CLANG_WARN_OBJC_IMPLICIT_RETAIN_SELF = YES;
				CLANG_WARN_OBJC_LITERAL_CONVERSION = YES;
				CLANG_WARN_OBJC_ROOT_CLASS = YES_ERROR;
				CLANG_WARN_QUOTED_INCLUDE_IN_FRAMEWORK_HEADER = YES;
				CLANG_WARN_RANGE_LOOP_ANALYSIS = YES;
				CLANG_WARN_STRICT_PROTOTYPES = YES;
				CLANG_WARN_SUSPICIOUS_MOVE = YES;
				CLANG_WARN_UNGUARDED_AVAILABILITY = YES_AGGRESSIVE;
				CLANG_WARN_UNREACHABLE_CODE = YES;
				CLANG_WARN__DUPLICATE_METHOD_MATCH = YES;
				COPY_PHASE_STRIP = NO;
				DEBUG_INFORMATION_FORMAT = dwarf;
				ENABLE_STRICT_OBJC_MSGSEND = YES;
				ENABLE_TESTABILITY = YES;
				GCC_C_LANGUAGE_STANDARD = gnu11;
				GCC_DYNAMIC_NO_PIC = NO;
				GCC_NO_COMMON_BLOCKS = YES;
				GCC_OPTIMIZATION_LEVEL = 0;
				GCC_PREPROCESSOR_DEFINITIONS = (
					"DEBUG=1",
					"$(inherited)",
				);
				GCC_WARN_64_TO_32_BIT_CONVERSION = YES;
				GCC_WARN_ABOUT_RETURN_TYPE = YES_ERROR;
				GCC_WARN_UNDECLARED_SELECTOR = YES;
				GCC_WARN_UNINITIALIZED_AUTOS = YES_AGGRESSIVE;
				GCC_WARN_UNUSED_FUNCTION = YES;
				GCC_WARN_UNUSED_VARIABLE = YES;
				IPHONEOS_DEPLOYMENT_TARGET = 14.2;
				MTL_ENABLE_DEBUG_INFO = INCLUDE_SOURCE;
				MTL_FAST_MATH = YES;
				ONLY_ACTIVE_ARCH = YES;
				SDKROOT = iphoneos;
				SWIFT_ACTIVE_COMPILATION_CONDITIONS = DEBUG;
				SWIFT_OPTIMIZATION_LEVEL = "-Onone";
			};
			name = Debug;
		};
		3692B023256FFD4300126B4D /* Release */ = {
			isa = XCBuildConfiguration;
			buildSettings = {
				ALWAYS_SEARCH_USER_PATHS = NO;
				CLANG_ANALYZER_NONNULL = YES;
				CLANG_ANALYZER_NUMBER_OBJECT_CONVERSION = YES_AGGRESSIVE;
				CLANG_CXX_LANGUAGE_STANDARD = "gnu++14";
				CLANG_CXX_LIBRARY = "libc++";
				CLANG_ENABLE_MODULES = YES;
				CLANG_ENABLE_OBJC_ARC = YES;
				CLANG_ENABLE_OBJC_WEAK = YES;
				CLANG_WARN_BLOCK_CAPTURE_AUTORELEASING = YES;
				CLANG_WARN_BOOL_CONVERSION = YES;
				CLANG_WARN_COMMA = YES;
				CLANG_WARN_CONSTANT_CONVERSION = YES;
				CLANG_WARN_DEPRECATED_OBJC_IMPLEMENTATIONS = YES;
				CLANG_WARN_DIRECT_OBJC_ISA_USAGE = YES_ERROR;
				CLANG_WARN_DOCUMENTATION_COMMENTS = YES;
				CLANG_WARN_EMPTY_BODY = YES;
				CLANG_WARN_ENUM_CONVERSION = YES;
				CLANG_WARN_INFINITE_RECURSION = YES;
				CLANG_WARN_INT_CONVERSION = YES;
				CLANG_WARN_NON_LITERAL_NULL_CONVERSION = YES;
				CLANG_WARN_OBJC_IMPLICIT_RETAIN_SELF = YES;
				CLANG_WARN_OBJC_LITERAL_CONVERSION = YES;
				CLANG_WARN_OBJC_ROOT_CLASS = YES_ERROR;
				CLANG_WARN_QUOTED_INCLUDE_IN_FRAMEWORK_HEADER = YES;
				CLANG_WARN_RANGE_LOOP_ANALYSIS = YES;
				CLANG_WARN_STRICT_PROTOTYPES = YES;
				CLANG_WARN_SUSPICIOUS_MOVE = YES;
				CLANG_WARN_UNGUARDED_AVAILABILITY = YES_AGGRESSIVE;
				CLANG_WARN_UNREACHABLE_CODE = YES;
				CLANG_WARN__DUPLICATE_METHOD_MATCH = YES;
				COPY_PHASE_STRIP = NO;
				DEBUG_INFORMATION_FORMAT = "dwarf-with-dsym";
				ENABLE_NS_ASSERTIONS = NO;
				ENABLE_STRICT_OBJC_MSGSEND = YES;
				GCC_C_LANGUAGE_STANDARD = gnu11;
				GCC_NO_COMMON_BLOCKS = YES;
				GCC_WARN_64_TO_32_BIT_CONVERSION = YES;
				GCC_WARN_ABOUT_RETURN_TYPE = YES_ERROR;
				GCC_WARN_UNDECLARED_SELECTOR = YES;
				GCC_WARN_UNINITIALIZED_AUTOS = YES_AGGRESSIVE;
				GCC_WARN_UNUSED_FUNCTION = YES;
				GCC_WARN_UNUSED_VARIABLE = YES;
				IPHONEOS_DEPLOYMENT_TARGET = 14.2;
				MTL_ENABLE_DEBUG_INFO = NO;
				MTL_FAST_MATH = YES;
				SDKROOT = iphoneos;
				SWIFT_COMPILATION_MODE = wholemodule;
				SWIFT_OPTIMIZATION_LEVEL = "-O";
				VALIDATE_PRODUCT = YES;
			};
			name = Release;
		};
		3692B025256FFD4300126B4D /* Debug */ = {
			isa = XCBuildConfiguration;
			buildSettings = {
				ASSETCATALOG_COMPILER_APPICON_NAME = AppIcon;
				ASSETCATALOG_COMPILER_GLOBAL_ACCENT_COLOR_NAME = AccentColor;
				CODE_SIGN_STYLE = Automatic;
				DEVELOPMENT_ASSET_PATHS = "\"ConfettiSwiftUIDemo/Preview Content\"";
				DEVELOPMENT_TEAM = 7T4FFP79ZY;
				ENABLE_PREVIEWS = YES;
				INFOPLIST_FILE = ConfettiSwiftUIDemo/Info.plist;
				IPHONEOS_DEPLOYMENT_TARGET = 14.0;
				LD_RUNPATH_SEARCH_PATHS = (
					"$(inherited)",
					"@executable_path/Frameworks",
				);
				PRODUCT_BUNDLE_IDENTIFIER = simonbachmann.ConfettiSwiftUIDemo;
				PRODUCT_NAME = "$(TARGET_NAME)";
				SWIFT_VERSION = 5.0;
				TARGETED_DEVICE_FAMILY = "1,2";
			};
			name = Debug;
		};
		3692B026256FFD4300126B4D /* Release */ = {
			isa = XCBuildConfiguration;
			buildSettings = {
				ASSETCATALOG_COMPILER_APPICON_NAME = AppIcon;
				ASSETCATALOG_COMPILER_GLOBAL_ACCENT_COLOR_NAME = AccentColor;
				CODE_SIGN_STYLE = Automatic;
				DEVELOPMENT_ASSET_PATHS = "\"ConfettiSwiftUIDemo/Preview Content\"";
				DEVELOPMENT_TEAM = 7T4FFP79ZY;
				ENABLE_PREVIEWS = YES;
				INFOPLIST_FILE = ConfettiSwiftUIDemo/Info.plist;
				IPHONEOS_DEPLOYMENT_TARGET = 14.0;
				LD_RUNPATH_SEARCH_PATHS = (
					"$(inherited)",
					"@executable_path/Frameworks",
				);
				PRODUCT_BUNDLE_IDENTIFIER = simonbachmann.ConfettiSwiftUIDemo;
				PRODUCT_NAME = "$(TARGET_NAME)";
				SWIFT_VERSION = 5.0;
				TARGETED_DEVICE_FAMILY = "1,2";
			};
			name = Release;
		};
/* End XCBuildConfiguration section */

/* Begin XCConfigurationList section */
		3692B010256FFD4100126B4D /* Build configuration list for PBXProject "ConfettiSwiftUIDemo" */ = {
			isa = XCConfigurationList;
			buildConfigurations = (
				3692B022256FFD4300126B4D /* Debug */,
				3692B023256FFD4300126B4D /* Release */,
			);
			defaultConfigurationIsVisible = 0;
			defaultConfigurationName = Release;
		};
		3692B024256FFD4300126B4D /* Build configuration list for PBXNativeTarget "ConfettiSwiftUIDemo" */ = {
			isa = XCConfigurationList;
			buildConfigurations = (
				3692B025256FFD4300126B4D /* Debug */,
				3692B026256FFD4300126B4D /* Release */,
			);
			defaultConfigurationIsVisible = 0;
			defaultConfigurationName = Release;
		};
/* End XCConfigurationList section */

/* Begin XCRemoteSwiftPackageReference section */
		3692B028257000ED00126B4D /* XCRemoteSwiftPackageReference "ConfettiSwiftUI" */ = {
			isa = XCRemoteSwiftPackageReference;
			repositoryURL = "https://github.com/simibac/ConfettiSwiftUI";
			requirement = {
				branch = master;
				kind = branch;
			};
		};
/* End XCRemoteSwiftPackageReference section */

/* Begin XCSwiftPackageProductDependency section */
		3692B029257000ED00126B4D /* ConfettiSwiftUI */ = {
			isa = XCSwiftPackageProductDependency;
			package = 3692B028257000ED00126B4D /* XCRemoteSwiftPackageReference "ConfettiSwiftUI" */;
			productName = ConfettiSwiftUI;
		};
/* End XCSwiftPackageProductDependency section */
	};
	rootObject = 3692B00D256FFD4100126B4D /* Project object */;
}
